
Microsoft Visual Studio Solution File, Format Version 12.00
# Visual Studio 15
VisualStudioVersion = 15.0.28307.421
MinimumVisualStudioVersion = 10.0.40219.1
Project("{8BC9CEB8-8B4A-11D0-8D11-00A0C91BC942}") = "FuckClassOOP(Deletable)", "FuckClassOOP(Deletable)\FuckClassOOP(Deletable).vcxproj", "{E217D2DC-0D38-4BF6-847D-237861159EC9}"
EndProject
Global
	GlobalSection(SolutionConfigurationPlatforms) = preSolution
		Debug|x64 = Debug|x64
		Debug|x86 = Debug|x86
		Release|x64 = Release|x64
		Release|x86 = Release|x86
	EndGlobalSection
	GlobalSection(ProjectConfigurationPlatforms) = postSolution
		{E217D2DC-0D38-4BF6-847D-237861159EC9}.Debug|x64.ActiveCfg = Debug|x64
		{E217D2DC-0D38-4BF6-847D-237861159EC9}.Debug|x64.Build.0 = Debug|x64
		{E217D2DC-0D38-4BF6-847D-237861159EC9}.Debug|x86.ActiveCfg = Debug|Win32
		{E217D2DC-0D38-4BF6-847D-237861159EC9}.Debug|x86.Build.0 = Debug|Win32
		{E217D2DC-0D38-4BF6-847D-237861159EC9}.Release|x64.ActiveCfg = Release|x64
		{E217D2DC-0D38-4BF6-847D-237861159EC9}.Release|x64.Build.0 = Release|x64
		{E217D2DC-0D38-4BF6-847D-237861159EC9}.Release|x86.ActiveCfg = Release|Win32
		{E217D2DC-0D38-4BF6-847D-237861159EC9}.Release|x86.Build.0 = Release|Win32
	EndGlobalSection
	GlobalSection(SolutionProperties) = preSolution
		HideSolutionNode = FALSE
	EndGlobalSection
	GlobalSection(ExtensibilityGlobals) = postSolution
		SolutionGuid = {55E89781-936C-41C1-957A-1C1C9D27F5ED}
	EndGlobalSection
EndGlobal
